
Microsoft Visual Studio Solution File, Format Version 12.00
# Visual Studio 2012
Project("{FAE04EC0-301F-11D3-BF4B-00C04F79EFBC}") = "AluminumBall", "AluminumBall\AluminumBall.csproj", "{EDAD31B2-152F-4B27-8B19-9135E1086A18}"
EndProject
Project("{FAE04EC0-301F-11D3-BF4B-00C04F79EFBC}") = "AluminumBall.ECS", "AluminumBall.Components\AluminumBall.ECS.csproj", "{6A2D0538-B1FE-48A0-8E00-6A1E5FE885AF}"
EndProject
Project("{FAE04EC0-301F-11D3-BF4B-00C04F79EFBC}") = "AluminumBall.Lua", "AluminumBall.Lua\AluminumBall.Lua.csproj", "{7AF2E2B5-CD94-4B8A-84D5-9C41B043CDC9}"
EndProject
Project("{2150E333-8FDC-42A3-9474-1A3956D46DE8}") = ".nuget", ".nuget", "{E5108A96-DF27-42D9-BB85-5CB8F4658F50}"
	ProjectSection(SolutionItems) = preProject
		.nuget\packages.config = .nuget\packages.config
	EndProjectSection
EndProject
Global
	GlobalSection(SolutionConfigurationPlatforms) = preSolution
		Debug|Any CPU = Debug|Any CPU
		Debug|Mixed Platforms = Debug|Mixed Platforms
		Debug|x86 = Debug|x86
		Release|Any CPU = Release|Any CPU
		Release|Mixed Platforms = Release|Mixed Platforms
		Release|x86 = Release|x86
	EndGlobalSection
	GlobalSection(ProjectConfigurationPlatforms) = postSolution
		{EDAD31B2-152F-4B27-8B19-9135E1086A18}.Debug|Any CPU.ActiveCfg = Debug|x86
		{EDAD31B2-152F-4B27-8B19-9135E1086A18}.Debug|Mixed Platforms.ActiveCfg = Debug|x86
		{EDAD31B2-152F-4B27-8B19-9135E1086A18}.Debug|Mixed Platforms.Build.0 = Debug|x86
		{EDAD31B2-152F-4B27-8B19-9135E1086A18}.Debug|x86.ActiveCfg = Debug|x86
		{EDAD31B2-152F-4B27-8B19-9135E1086A18}.Debug|x86.Build.0 = Debug|x86
		{EDAD31B2-152F-4B27-8B19-9135E1086A18}.Release|Any CPU.ActiveCfg = Release|x86
		{EDAD31B2-152F-4B27-8B19-9135E1086A18}.Release|Mixed Platforms.ActiveCfg = Release|x86
		{EDAD31B2-152F-4B27-8B19-9135E1086A18}.Release|Mixed Platforms.Build.0 = Release|x86
		{EDAD31B2-152F-4B27-8B19-9135E1086A18}.Release|x86.ActiveCfg = Release|x86
		{EDAD31B2-152F-4B27-8B19-9135E1086A18}.Release|x86.Build.0 = Release|x86
		{6A2D0538-B1FE-48A0-8E00-6A1E5FE885AF}.Debug|Any CPU.ActiveCfg = Debug|Any CPU
		{6A2D0538-B1FE-48A0-8E00-6A1E5FE885AF}.Debug|Any CPU.Build.0 = Debug|Any CPU
		{6A2D0538-B1FE-48A0-8E00-6A1E5FE885AF}.Debug|Mixed Platforms.ActiveCfg = Debug|Any CPU
		{6A2D0538-B1FE-48A0-8E00-6A1E5FE885AF}.Debug|Mixed Platforms.Build.0 = Debug|Any CPU
		{6A2D0538-B1FE-48A0-8E00-6A1E5FE885AF}.Debug|x86.ActiveCfg = Debug|Any CPU
		{6A2D0538-B1FE-48A0-8E00-6A1E5FE885AF}.Release|Any CPU.ActiveCfg = Release|Any CPU
		{6A2D0538-B1FE-48A0-8E00-6A1E5FE885AF}.Release|Any CPU.Build.0 = Release|Any CPU
		{6A2D0538-B1FE-48A0-8E00-6A1E5FE885AF}.Release|Mixed Platforms.ActiveCfg = Release|Any CPU
		{6A2D0538-B1FE-48A0-8E00-6A1E5FE885AF}.Release|Mixed Platforms.Build.0 = Release|Any CPU
		{6A2D0538-B1FE-48A0-8E00-6A1E5FE885AF}.Release|x86.ActiveCfg = Release|Any CPU
		{7AF2E2B5-CD94-4B8A-84D5-9C41B043CDC9}.Debug|Any CPU.ActiveCfg = Debug|Any CPU
		{7AF2E2B5-CD94-4B8A-84D5-9C41B043CDC9}.Debug|Any CPU.Build.0 = Debug|Any CPU
		{7AF2E2B5-CD94-4B8A-84D5-9C41B043CDC9}.Debug|Mixed Platforms.ActiveCfg = Debug|Any CPU
		{7AF2E2B5-CD94-4B8A-84D5-9C41B043CDC9}.Debug|Mixed Platforms.Build.0 = Debug|Any CPU
		{7AF2E2B5-CD94-4B8A-84D5-9C41B043CDC9}.Debug|x86.ActiveCfg = Debug|Any CPU
		{7AF2E2B5-CD94-4B8A-84D5-9C41B043CDC9}.Release|Any CPU.ActiveCfg = Release|Any CPU
		{7AF2E2B5-CD94-4B8A-84D5-9C41B043CDC9}.Release|Any CPU.Build.0 = Release|Any CPU
		{7AF2E2B5-CD94-4B8A-84D5-9C41B043CDC9}.Release|Mixed Platforms.ActiveCfg = Release|Any CPU
		{7AF2E2B5-CD94-4B8A-84D5-9C41B043CDC9}.Release|Mixed Platforms.Build.0 = Release|Any CPU
		{7AF2E2B5-CD94-4B8A-84D5-9C41B043CDC9}.Release|x86.ActiveCfg = Release|Any CPU
	EndGlobalSection
	GlobalSection(SolutionProperties) = preSolution
		HideSolutionNode = FALSE
	EndGlobalSection
EndGlobal
